
Microsoft Visual Studio Solution File, Format Version 12.00
# Visual Studio Version 17
VisualStudioVersion = 17.9.34728.123
MinimumVisualStudioVersion = 10.0.40219.1
Project("{FAE04EC0-301F-11D3-BF4B-00C04F79EFBC}") = "lab_2_6", "lab_2_6.csproj", "{E17FF2F7-FDE5-4D2B-B668-77397B7D22A0}"
EndProject
Global
	GlobalSection(SolutionConfigurationPlatforms) = preSolution
		Debug|Any CPU = Debug|Any CPU
		Release|Any CPU = Release|Any CPU
	EndGlobalSection
	GlobalSection(ProjectConfigurationPlatforms) = postSolution
		{E17FF2F7-FDE5-4D2B-B668-77397B7D22A0}.Debug|Any CPU.ActiveCfg = Debug|Any CPU
		{E17FF2F7-FDE5-4D2B-B668-77397B7D22A0}.Debug|Any CPU.Build.0 = Debug|Any CPU
		{E17FF2F7-FDE5-4D2B-B668-77397B7D22A0}.Release|Any CPU.ActiveCfg = Release|Any CPU
		{E17FF2F7-FDE5-4D2B-B668-77397B7D22A0}.Release|Any CPU.Build.0 = Release|Any CPU
	EndGlobalSection
	GlobalSection(SolutionProperties) = preSolution
		HideSolutionNode = FALSE
	EndGlobalSection
	GlobalSection(ExtensibilityGlobals) = postSolution
		SolutionGuid = {412D9755-93D6-451C-BEBA-02131813AECE}
	EndGlobalSection
EndGlobal
